
Microsoft Visual Studio Solution File, Format Version 12.00
Project("{FAE04EC0-301F-11D3-BF4B-00C04F79EFBC}") = "Crucible-Runtime", "Crucible-Runtime\Crucible-Runtime.csproj", "{71E2C44C-F983-4F42-8AFE-9E349AFC986F}"
EndProject
Project("{FAE04EC0-301F-11D3-BF4B-00C04F79EFBC}") = "Crucible-Editor", "Crucible-Editor\Crucible-Editor.csproj", "{78E451F5-5104-4EE8-8ECC-7103370D35E5}"
EndProject
Global
	GlobalSection(SolutionConfigurationPlatforms) = preSolution
		Debug|Any CPU = Debug|Any CPU
		Release|Any CPU = Release|Any CPU
	EndGlobalSection
	GlobalSection(ProjectConfigurationPlatforms) = postSolution
		{71E2C44C-F983-4F42-8AFE-9E349AFC986F}.Debug|Any CPU.ActiveCfg = Debug|Any CPU
		{71E2C44C-F983-4F42-8AFE-9E349AFC986F}.Debug|Any CPU.Build.0 = Debug|Any CPU
		{71E2C44C-F983-4F42-8AFE-9E349AFC986F}.Release|Any CPU.ActiveCfg = Release|Any CPU
		{71E2C44C-F983-4F42-8AFE-9E349AFC986F}.Release|Any CPU.Build.0 = Release|Any CPU
		{78E451F5-5104-4EE8-8ECC-7103370D35E5}.Debug|Any CPU.ActiveCfg = Debug|Any CPU
		{78E451F5-5104-4EE8-8ECC-7103370D35E5}.Debug|Any CPU.Build.0 = Debug|Any CPU
		{78E451F5-5104-4EE8-8ECC-7103370D35E5}.Release|Any CPU.ActiveCfg = Release|Any CPU
		{78E451F5-5104-4EE8-8ECC-7103370D35E5}.Release|Any CPU.Build.0 = Release|Any CPU
	EndGlobalSection
EndGlobal
